PODS:
  - ContextMenuSwift (0.0.8)
  - Realm (10.34.0):
    - Realm/Headers (= 10.34.0)
  - Realm/Headers (10.34.0)
  - RealmSwift (10.34.0):
    - Realm (= 10.34.0)

DEPENDENCIES:
  - ContextMenuSwift
  - RealmSwift (= 10.34.0)

SPEC REPOS:
  trunk:
    - ContextMenuSwift
    - Realm
    - RealmSwift

SPEC CHECKSUMS:
  ContextMenuSwift: b4d4066b9ebe47a43f7734a4a6989cf03efe5ad8
  Realm: 991e7c4d6d37f1d6470a48bb072782ef00b91b67
  RealmSwift: 11e77934e4af6d011d2970645fe56e11fa0e3c2c

PODFILE CHECKSUM: 9646dc92ff10a9d001b5ec25963ae493bbbf7d79

COCOAPODS: 1.12.0
